Microsoft Visual Studio Solution File, Format Version 11.00
# Visual Studio 2008

Project("{DBF70789-4BE8-5BE5-AC5F-FF03197B1BE1}") = "Twinstick_Final", "Assembly-CSharp.csproj", "{EAE815A5-19C5-3BD0-0906-483C140AAA33}"
EndProject
Project("{DBF70789-4BE8-5BE5-AC5F-FF03197B1BE1}") = "Twinstick_Final", "Assembly-CSharp-Editor.csproj", "{163D34C4-E4DE-988E-24C2-44F302CAE593}"
EndProject
Global
	GlobalSection(SolutionConfigurationPlatforms) = preSolution
		Debug|Any CPU = Debug|Any CPU
		Release|Any CPU = Release|Any CPU
	EndGlobalSection
	GlobalSection(ProjectConfigurationPlatforms) = postSolution
		{EAE815A5-19C5-3BD0-0906-483C140AAA33}.Debug|Any CPU.ActiveCfg = Debug|Any CPU
		{EAE815A5-19C5-3BD0-0906-483C140AAA33}.Debug|Any CPU.Build.0 = Debug|Any CPU
		{EAE815A5-19C5-3BD0-0906-483C140AAA33}.Release|Any CPU.ActiveCfg = Release|Any CPU
		{EAE815A5-19C5-3BD0-0906-483C140AAA33}.Release|Any CPU.Build.0 = Release|Any CPU
		{163D34C4-E4DE-988E-24C2-44F302CAE593}.Debug|Any CPU.ActiveCfg = Debug|Any CPU
		{163D34C4-E4DE-988E-24C2-44F302CAE593}.Debug|Any CPU.Build.0 = Debug|Any CPU
		{163D34C4-E4DE-988E-24C2-44F302CAE593}.Release|Any CPU.ActiveCfg = Release|Any CPU
		{163D34C4-E4DE-988E-24C2-44F302CAE593}.Release|Any CPU.Build.0 = Release|Any CPU
	EndGlobalSection
	GlobalSection(SolutionProperties) = preSolution
		HideSolutionNode = FALSE
	EndGlobalSection
							GlobalSection(MonoDevelopProperties) = preSolution
		StartupItem = Assembly-CSharp.csproj
		Policies = $0
		$0.TextStylePolicy = $1
		$1.inheritsSet = null
		$1.scope = text/x-csharp
		$0.CSharpFormattingPolicy = $2
		$2.inheritsSet = Mono
		$2.inheritsScope = text/x-csharp
		$2.scope = text/x-csharp
		$0.TextStylePolicy = $3
		$3.FileWidth = 120
		$3.TabWidth = 4
		$3.IndentWidth = 4
		$3.EolMarker = Unix
		$3.inheritsSet = Mono
		$3.inheritsScope = text/plain
		$3.scope = text/plain
	EndGlobalSection

EndGlobal
